<Solution>
  <Folder Name="/services/">
    <Project Path="services/Ppki.Api/Ppki.Api.csproj" />
    <Project Path="services/Ppki.Worker/Ppki.Worker.csproj" />
  </Folder>
  <Folder Name="/src/">
    <Project Path="src/Ppki.Application/Ppki.Application.csproj" />
    <Project Path="src/Ppki.DocxEngine/Ppki.DocxEngine.csproj" />
    <Project Path="src/Ppki.Domain/Ppki.Domain.csproj" />
    <Project Path="src/Ppki.FixEngine/Ppki.FixEngine.csproj" />
    <Project Path="src/Ppki.Infrastructure/Ppki.Infrastructure.csproj" />
    <Project Path="src/Ppki.RuleEngine/Ppki.RuleEngine.csproj" />
  </Folder>
  <Folder Name="/tests/">
    <Project Path="tests/Ppki.RuleEngine.Tests/Ppki.RuleEngine.Tests.csproj" />
  </Folder>
</Solution>
